
Microsoft Visual Studio Solution File, Format Version 12.00
# Visual Studio Version 17
VisualStudioVersion = 17.9.34622.214
MinimumVisualStudioVersion = 10.0.40219.1
Project("{FAE04EC0-301F-11D3-BF4B-00C04F79EFBC}") = "External", "src\External.csproj", "{3AFCF1A1-D662-41ED-8BB4-5A6A1D2CC7E7}"
EndProject
Global
	GlobalSection(SolutionConfigurationPlatforms) = preSolution
		Debug|Any CPU = Debug|Any CPU
		Release|Any CPU = Release|Any CPU
	EndGlobalSection
	GlobalSection(ProjectConfigurationPlatforms) = postSolution
		{3AFCF1A1-D662-41ED-8BB4-5A6A1D2CC7E7}.Debug|Any CPU.ActiveCfg = Release|Any CPU
		{3AFCF1A1-D662-41ED-8BB4-5A6A1D2CC7E7}.Debug|Any CPU.Build.0 = Release|Any CPU
		{3AFCF1A1-D662-41ED-8BB4-5A6A1D2CC7E7}.Release|Any CPU.ActiveCfg = Release|Any CPU
		{3AFCF1A1-D662-41ED-8BB4-5A6A1D2CC7E7}.Release|Any CPU.Build.0 = Release|Any CPU
	EndGlobalSection
	GlobalSection(SolutionProperties) = preSolution
		HideSolutionNode = FALSE
	EndGlobalSection
	GlobalSection(ExtensibilityGlobals) = postSolution
		SolutionGuid = {20DD80FF-2F02-4FAC-B24D-5CBDD468FA02}
	EndGlobalSection
EndGlobal
